
Microsoft Visual Studio Solution File, Format Version 12.00
# Visual Studio Version 16
VisualStudioVersion = 16.0.31205.134
MinimumVisualStudioVersion = 10.0.40219.1
Project("{888888A0-9F3D-457C-B088-3A5042F75D52}") = "Common elements", "Common elements\Common elements.pyproj", "{DA85BEC8-2BBD-4325-BDDF-6213328711CE}"
EndProject
Global
	GlobalSection(SolutionConfigurationPlatforms) = preSolution
		Debug|Any CPU = Debug|Any CPU
		Release|Any CPU = Release|Any CPU
	EndGlobalSection
	GlobalSection(ProjectConfigurationPlatforms) = postSolution
		{DA85BEC8-2BBD-4325-BDDF-6213328711CE}.Debug|Any CPU.ActiveCfg = Debug|Any CPU
		{DA85BEC8-2BBD-4325-BDDF-6213328711CE}.Release|Any CPU.ActiveCfg = Release|Any CPU
	EndGlobalSection
	GlobalSection(SolutionProperties) = preSolution
		HideSolutionNode = FALSE
	EndGlobalSection
	GlobalSection(ExtensibilityGlobals) = postSolution
		SolutionGuid = {0E4D7D64-7D6D-4B87-BBB8-B2EDD110C61B}
	EndGlobalSection
EndGlobal
